
Microsoft Visual Studio Solution File, Format Version 12.00
# Visual Studio 14
VisualStudioVersion = 14.0.25420.1
MinimumVisualStudioVersion = 10.0.40219.1
Project("{FAE04EC0-301F-11D3-BF4B-00C04F79EFBC}") = "Entities", "Entities\Entities.csproj", "{11EC09EA-10C1-4B33-8F25-F4ABF5B3A75A}"
EndProject
Project("{FAE04EC0-301F-11D3-BF4B-00C04F79EFBC}") = "Facade", "Facade\Facade.csproj", "{7025E376-9297-450B-8040-0B247967F26C}"
EndProject
Project("{FAE04EC0-301F-11D3-BF4B-00C04F79EFBC}") = "Persistence", "Persistence\Persistence.csproj", "{90EB7242-E3AA-4588-B1C4-CE8ED6D3B23B}"
EndProject
Project("{FAE04EC0-301F-11D3-BF4B-00C04F79EFBC}") = "Repository", "Repository\Repository.csproj", "{B3E36B98-22B9-430E-A5A2-128495A37EFD}"
EndProject
Project("{FAE04EC0-301F-11D3-BF4B-00C04F79EFBC}") = "HRMSApplication", "HRMSApplication\HRMSApplication.csproj", "{0804F4CE-E7D9-4F93-8D6E-D81895AC200A}"
EndProject
Project("{FAE04EC0-301F-11D3-BF4B-00C04F79EFBC}") = "HRMSBusiness", "HRMSBusiness\HRMSBusiness.csproj", "{8A830919-8E51-4E10-A829-E5A7084160A8}"
EndProject
Project("{FAE04EC0-301F-11D3-BF4B-00C04F79EFBC}") = "PayRollBusiness", "PayRollBusiness\PayRollBusiness.csproj", "{1370CD1A-47F3-412C-874C-C9B9F57AA777}"
EndProject
Project("{FAE04EC0-301F-11D3-BF4B-00C04F79EFBC}") = "PayrollModels", "PayrollModels\PayrollModels.csproj", "{27EBB842-D631-4E9A-9C95-D3897BCA5980}"
EndProject
Project("{FAE04EC0-301F-11D3-BF4B-00C04F79EFBC}") = "Mavensoft.DAL", "Mavensoft.DAL\Mavensoft.DAL.csproj", "{7CAE4E34-3093-41AE-9016-FE8FC910743A}"
EndProject
Project("{FAE04EC0-301F-11D3-BF4B-00C04F79EFBC}") = "Mavensoft.Common", "Mavensoft.Common\Mavensoft.Common.csproj", "{E65635F4-0929-4560-9256-8E4F9611FD44}"
EndProject
Project("{FAE04EC0-301F-11D3-BF4B-00C04F79EFBC}") = "TestPayRoll", "TestPayRoll\TestPayRoll.csproj", "{566B1CC3-5093-4A77-A885-9E505679418F}"
EndProject
Global
	GlobalSection(SolutionConfigurationPlatforms) = preSolution
		Debug|Any CPU = Debug|Any CPU
		Release|Any CPU = Release|Any CPU
	EndGlobalSection
	GlobalSection(ProjectConfigurationPlatforms) = postSolution
		{11EC09EA-10C1-4B33-8F25-F4ABF5B3A75A}.Debug|Any CPU.ActiveCfg = Debug|Any CPU
		{11EC09EA-10C1-4B33-8F25-F4ABF5B3A75A}.Debug|Any CPU.Build.0 = Debug|Any CPU
		{11EC09EA-10C1-4B33-8F25-F4ABF5B3A75A}.Release|Any CPU.ActiveCfg = Release|Any CPU
		{11EC09EA-10C1-4B33-8F25-F4ABF5B3A75A}.Release|Any CPU.Build.0 = Release|Any CPU
		{7025E376-9297-450B-8040-0B247967F26C}.Debug|Any CPU.ActiveCfg = Debug|Any CPU
		{7025E376-9297-450B-8040-0B247967F26C}.Debug|Any CPU.Build.0 = Debug|Any CPU
		{7025E376-9297-450B-8040-0B247967F26C}.Release|Any CPU.ActiveCfg = Release|Any CPU
		{7025E376-9297-450B-8040-0B247967F26C}.Release|Any CPU.Build.0 = Release|Any CPU
		{90EB7242-E3AA-4588-B1C4-CE8ED6D3B23B}.Debug|Any CPU.ActiveCfg = Debug|Any CPU
		{90EB7242-E3AA-4588-B1C4-CE8ED6D3B23B}.Debug|Any CPU.Build.0 = Debug|Any CPU
		{90EB7242-E3AA-4588-B1C4-CE8ED6D3B23B}.Release|Any CPU.ActiveCfg = Release|Any CPU
		{90EB7242-E3AA-4588-B1C4-CE8ED6D3B23B}.Release|Any CPU.Build.0 = Release|Any CPU
		{B3E36B98-22B9-430E-A5A2-128495A37EFD}.Debug|Any CPU.ActiveCfg = Debug|Any CPU
		{B3E36B98-22B9-430E-A5A2-128495A37EFD}.Debug|Any CPU.Build.0 = Debug|Any CPU
		{B3E36B98-22B9-430E-A5A2-128495A37EFD}.Release|Any CPU.ActiveCfg = Release|Any CPU
		{B3E36B98-22B9-430E-A5A2-128495A37EFD}.Release|Any CPU.Build.0 = Release|Any CPU
		{0804F4CE-E7D9-4F93-8D6E-D81895AC200A}.Debug|Any CPU.ActiveCfg = Debug|Any CPU
		{0804F4CE-E7D9-4F93-8D6E-D81895AC200A}.Debug|Any CPU.Build.0 = Debug|Any CPU
		{0804F4CE-E7D9-4F93-8D6E-D81895AC200A}.Release|Any CPU.ActiveCfg = Release|Any CPU
		{0804F4CE-E7D9-4F93-8D6E-D81895AC200A}.Release|Any CPU.Build.0 = Release|Any CPU
		{8A830919-8E51-4E10-A829-E5A7084160A8}.Debug|Any CPU.ActiveCfg = Debug|Any CPU
		{8A830919-8E51-4E10-A829-E5A7084160A8}.Debug|Any CPU.Build.0 = Debug|Any CPU
		{8A830919-8E51-4E10-A829-E5A7084160A8}.Release|Any CPU.ActiveCfg = Release|Any CPU
		{8A830919-8E51-4E10-A829-E5A7084160A8}.Release|Any CPU.Build.0 = Release|Any CPU
		{1370CD1A-47F3-412C-874C-C9B9F57AA777}.Debug|Any CPU.ActiveCfg = Debug|Any CPU
		{1370CD1A-47F3-412C-874C-C9B9F57AA777}.Debug|Any CPU.Build.0 = Debug|Any CPU
		{1370CD1A-47F3-412C-874C-C9B9F57AA777}.Release|Any CPU.ActiveCfg = Release|Any CPU
		{1370CD1A-47F3-412C-874C-C9B9F57AA777}.Release|Any CPU.Build.0 = Release|Any CPU
		{27EBB842-D631-4E9A-9C95-D3897BCA5980}.Debug|Any CPU.ActiveCfg = Debug|Any CPU
		{27EBB842-D631-4E9A-9C95-D3897BCA5980}.Debug|Any CPU.Build.0 = Debug|Any CPU
		{27EBB842-D631-4E9A-9C95-D3897BCA5980}.Release|Any CPU.ActiveCfg = Release|Any CPU
		{27EBB842-D631-4E9A-9C95-D3897BCA5980}.Release|Any CPU.Build.0 = Release|Any CPU
		{7CAE4E34-3093-41AE-9016-FE8FC910743A}.Debug|Any CPU.ActiveCfg = Debug|Any CPU
		{7CAE4E34-3093-41AE-9016-FE8FC910743A}.Debug|Any CPU.Build.0 = Debug|Any CPU
		{7CAE4E34-3093-41AE-9016-FE8FC910743A}.Release|Any CPU.ActiveCfg = Release|Any CPU
		{7CAE4E34-3093-41AE-9016-FE8FC910743A}.Release|Any CPU.Build.0 = Release|Any CPU
		{E65635F4-0929-4560-9256-8E4F9611FD44}.Debug|Any CPU.ActiveCfg = Debug|Any CPU
		{E65635F4-0929-4560-9256-8E4F9611FD44}.Debug|Any CPU.Build.0 = Debug|Any CPU
		{E65635F4-0929-4560-9256-8E4F9611FD44}.Release|Any CPU.ActiveCfg = Release|Any CPU
		{E65635F4-0929-4560-9256-8E4F9611FD44}.Release|Any CPU.Build.0 = Release|Any CPU
		{566B1CC3-5093-4A77-A885-9E505679418F}.Debug|Any CPU.ActiveCfg = Debug|Any CPU
		{566B1CC3-5093-4A77-A885-9E505679418F}.Debug|Any CPU.Build.0 = Debug|Any CPU
		{566B1CC3-5093-4A77-A885-9E505679418F}.Release|Any CPU.ActiveCfg = Release|Any CPU
		{566B1CC3-5093-4A77-A885-9E505679418F}.Release|Any CPU.Build.0 = Release|Any CPU
	EndGlobalSection
	GlobalSection(SolutionProperties) = preSolution
		HideSolutionNode = FALSE
	EndGlobalSection
	GlobalSection(ExtensibilityGlobals) = postSolution
		SolutionGuid = {6AD422D5-3288-4770-B578-B61117E70908}
	EndGlobalSection
EndGlobal
